
Microsoft Visual Studio Solution File, Format Version 12.00
# Visual Studio Version 17
VisualStudioVersion = 17.8.34322.80
MinimumVisualStudioVersion = 10.0.40219.1
Project("{FAE04EC0-301F-11D3-BF4B-00C04F79EFBC}") = "DoubleEscapeOdata", "DoubleEscapeOdata.csproj", "{80E0B7CE-F33B-4AEF-877A-300B26B7C06B}"
EndProject
Global
	GlobalSection(SolutionConfigurationPlatforms) = preSolution
		Debug|Any CPU = Debug|Any CPU
		Release|Any CPU = Release|Any CPU
	EndGlobalSection
	GlobalSection(ProjectConfigurationPlatforms) = postSolution
		{80E0B7CE-F33B-4AEF-877A-300B26B7C06B}.Debug|Any CPU.ActiveCfg = Debug|Any CPU
		{80E0B7CE-F33B-4AEF-877A-300B26B7C06B}.Debug|Any CPU.Build.0 = Debug|Any CPU
		{80E0B7CE-F33B-4AEF-877A-300B26B7C06B}.Release|Any CPU.ActiveCfg = Release|Any CPU
		{80E0B7CE-F33B-4AEF-877A-300B26B7C06B}.Release|Any CPU.Build.0 = Release|Any CPU
	EndGlobalSection
	GlobalSection(SolutionProperties) = preSolution
		HideSolutionNode = FALSE
	EndGlobalSection
	GlobalSection(ExtensibilityGlobals) = postSolution
		SolutionGuid = {1D56498F-6240-4F64-BF35-8D4871A907F2}
	EndGlobalSection
EndGlobal
